// !$*UTF8*$!
{
	archiveVersion = 1;
	classes = {
	};
	objectVersion = 77;
	objects = {

/* Begin PBXBuildFile section */
		7522F5562E21DE3B00297599 /* README.md in Resources */ = {isa = PBXBuildFile; fileRef = 7522F5552E21DE3000297599 /* README.md */; };
/* End PBXBuildFile section */

/* Begin PBXContainerItemProxy section */
		754F03352E1C67B300AE483D /* PBXContainerItemProxy */ = {
			isa = PBXContainerItemProxy;
			containerPortal = 754F031F2E1C67B200AE483D /* Project object */;
			proxyType = 1;
			remoteGlobalIDString = 754F03262E1C67B200AE483D;
			remoteInfo = DeliveryCompanion;
		};
		754F033F2E1C67B300AE483D /* PBXContainerItemProxy */ = {
			isa = PBXContainerItemProxy;
			containerPortal = 754F031F2E1C67B200AE483D /* Project object */;
			proxyType = 1;
			remoteGlobalIDString = 754F03262E1C67B200AE483D;
			remoteInfo = DeliveryCompanion;
		};
/* End PBXContainerItemProxy section */

/* Begin PBXFileReference section */
		7522F5552E21DE3000297599 /* README.md */ = {isa = PBXFileReference; lastKnownFileType = net.daringfireball.markdown; path = README.md; sourceTree = "<group>"; };
		754F03272E1C67B200AE483D /* DeliveryCompanion.app */ = {isa = PBXFileReference; explicitFileType = wrapper.application; includeInIndex = 0; path = DeliveryCompanion.app; sourceTree = BUILT_PRODUCTS_DIR; };
		754F03342E1C67B300AE483D /* DeliveryCompanionTests.xctest */ = {isa = PBXFileReference; explicitFileType = wrapper.cfbundle; includeInIndex = 0; path = DeliveryCompanionTests.xctest; sourceTree = BUILT_PRODUCTS_DIR; };
		754F033E2E1C67B300AE483D /* DeliveryCompanionUITests.xctest */ = {isa = PBXFileReference; explicitFileType = wrapper.cfbundle; includeInIndex = 0; path = DeliveryCompanionUITests.xctest; sourceTree = BUILT_PRODUCTS_DIR; };
/* End PBXFileReference section */

/* Begin PBXFileSystemSynchronizedRootGroup section */
		754F03292E1C67B200AE483D /* DeliveryCompanion */ = {
			isa = PBXFileSystemSynchronizedRootGroup;
			path = DeliveryCompanion;
			sourceTree = "<group>";
		};
		754F03372E1C67B300AE483D /* DeliveryCompanionTests */ = {
			isa = PBXFileSystemSynchronizedRootGroup;
			path = DeliveryCompanionTests;
			sourceTree = "<group>";
		};
		754F03412E1C67B300AE483D /* DeliveryCompanionUITests */ = {
			isa = PBXFileSystemSynchronizedRootGroup;
			path = DeliveryCompanionUITests;
			sourceTree = "<group>";
		};
/* End PBXFileSystemSynchronizedRootGroup section */

/* Begin PBXFrameworksBuildPhase section */
		754F03242E1C67B200AE483D /* Frameworks */ = {
			isa = PBXFrameworksBuildPhase;
			buildActionMask = 2147483647;
			files = (
			);
			runOnlyForDeploymentPostprocessing = 0;
		};
		754F03312E1C67B300AE483D /* Frameworks */ = {
			isa = PBXFrameworksBuildPhase;
			buildActionMask = 2147483647;
			files = (
			);
			runOnlyForDeploymentPostprocessing = 0;
		};
		754F033B2E1C67B300AE483D /* Frameworks */ = {
			isa = PBXFrameworksBuildPhase;
			buildActionMask = 2147483647;
			files = (
			);
			runOnlyForDeploymentPostprocessing = 0;
		};
/* End PBXFrameworksBuildPhase section */

/* Begin PBXGroup section */
		754F031E2E1C67B200AE483D = {
			isa = PBXGroup;
			children = (
				7522F5552E21DE3000297599 /* README.md */,
				754F03292E1C67B200AE483D /* DeliveryCompanion */,
				754F03372E1C67B300AE483D /* DeliveryCompanionTests */,
				754F03412E1C67B300AE483D /* DeliveryCompanionUITests */,
				754F03282E1C67B200AE483D /* Products */,
			);
			sourceTree = "<group>";
		};
		754F03282E1C67B200AE483D /* Products */ = {
			isa = PBXGroup;
			children = (
				754F03272E1C67B200AE483D /* DeliveryCompanion.app */,
				754F03342E1C67B300AE483D /* DeliveryCompanionTests.xctest */,
				754F033E2E1C67B300AE483D /* DeliveryCompanionUITests.xctest */,
			);
			name = Products;
			sourceTree = "<group>";
		};
/* End PBXGroup section */

/* Begin PBXNativeTarget section */
		754F03262E1C67B200AE483D /* DeliveryCompanion */ = {
			isa = PBXNativeTarget;
			buildConfigurationList = 754F03482E1C67B300AE483D /* Build configuration list for PBXNativeTarget "DeliveryCompanion" */;
			buildPhases = (
				754F03232E1C67B200AE483D /* Sources */,
				754F03242E1C67B200AE483D /* Frameworks */,
				754F03252E1C67B200AE483D /* Resources */,
			);
			buildRules = (
			);
			dependencies = (
			);
			fileSystemSynchronizedGroups = (
				754F03292E1C67B200AE483D /* DeliveryCompanion */,
			);
			name = DeliveryCompanion;
			packageProductDependencies = (
			);
			productName = DeliveryCompanion;
			productReference = 754F03272E1C67B200AE483D /* DeliveryCompanion.app */;
			productType = "com.apple.product-type.application";
		};
		754F03332E1C67B300AE483D /* DeliveryCompanionTests */ = {
			isa = PBXNativeTarget;
			buildConfigurationList = 754F034B2E1C67B300AE483D /* Build configuration list for PBXNativeTarget "DeliveryCompanionTests" */;
			buildPhases = (
				754F03302E1C67B300AE483D /* Sources */,
				754F03312E1C67B300AE483D /* Frameworks */,
				754F03322E1C67B300AE483D /* Resources */,
			);
			buildRules = (
			);
			dependencies = (
				754F03362E1C67B300AE483D /* PBXTargetDependency */,
			);
			fileSystemSynchronizedGroups = (
				754F03372E1C67B300AE483D /* DeliveryCompanionTests */,
			);
			name = DeliveryCompanionTests;
			packageProductDependencies = (
			);
			productName = DeliveryCompanionTests;
			productReference = 754F03342E1C67B300AE483D /* DeliveryCompanionTests.xctest */;
			productType = "com.apple.product-type.bundle.unit-test";
		};
		754F033D2E1C67B300AE483D /* DeliveryCompanionUITests */ = {
			isa = PBXNativeTarget;
			buildConfigurationList = 754F034E2E1C67B300AE483D /* Build configuration list for PBXNativeTarget "DeliveryCompanionUITests" */;
			buildPhases = (
				754F033A2E1C67B300AE483D /* Sources */,
				754F033B2E1C67B300AE483D /* Frameworks */,
				754F033C2E1C67B300AE483D /* Resources */,
			);
			buildRules = (
			);
			dependencies = (
				754F03402E1C67B300AE483D /* PBXTargetDependency */,
			);
			fileSystemSynchronizedGroups = (
				754F03412E1C67B300AE483D /* DeliveryCompanionUITests */,
			);
			name = DeliveryCompanionUITests;
			packageProductDependencies = (
			);
			productName = DeliveryCompanionUITests;
			productReference = 754F033E2E1C67B300AE483D /* DeliveryCompanionUITests.xctest */;
			productType = "com.apple.product-type.bundle.ui-testing";
		};
/* End PBXNativeTarget section */

/* Begin PBXProject section */
		754F031F2E1C67B200AE483D /* Project object */ = {
			isa = PBXProject;
			attributes = {
				BuildIndependentTargetsInParallel = 1;
				LastSwiftUpdateCheck = 1640;
				LastUpgradeCheck = 1640;
				TargetAttributes = {
					754F03262E1C67B200AE483D = {
						CreatedOnToolsVersion = 16.4;
					};
					754F03332E1C67B300AE483D = {
						CreatedOnToolsVersion = 16.4;
						TestTargetID = 754F03262E1C67B200AE483D;
					};
					754F033D2E1C67B300AE483D = {
						CreatedOnToolsVersion = 16.4;
						TestTargetID = 754F03262E1C67B200AE483D;
					};
				};
			};
			buildConfigurationList = 754F03222E1C67B200AE483D /* Build configuration list for PBXProject "DeliveryCompanion" */;
			developmentRegion = en;
			hasScannedForEncodings = 0;
			knownRegions = (
				en,
				Base,
			);
			mainGroup = 754F031E2E1C67B200AE483D;
			minimizedProjectReferenceProxies = 1;
			preferredProjectObjectVersion = 77;
			productRefGroup = 754F03282E1C67B200AE483D /* Products */;
			projectDirPath = "";
			projectRoot = "";
			targets = (
				754F03262E1C67B200AE483D /* DeliveryCompanion */,
				754F03332E1C67B300AE483D /* DeliveryCompanionTests */,
				754F033D2E1C67B300AE483D /* DeliveryCompanionUITests */,
			);
		};
/* End PBXProject section */

/* Begin PBXResourcesBuildPhase section */
		754F03252E1C67B200AE483D /* Resources */ = {
			isa = PBXResourcesBuildPhase;
			buildActionMask = 2147483647;
			files = (
				7522F5562E21DE3B00297599 /* README.md in Resources */,
			);
			runOnlyForDeploymentPostprocessing = 0;
		};
		754F03322E1C67B300AE483D /* Resources */ = {
			isa = PBXResourcesBuildPhase;
			buildActionMask = 2147483647;
			files = (
			);
			runOnlyForDeploymentPostprocessing = 0;
		};
		754F033C2E1C67B300AE483D /* Resources */ = {
			isa = PBXResourcesBuildPhase;
			buildActionMask = 2147483647;
			files = (
			);
			runOnlyForDeploymentPostprocessing = 0;
		};
/* End PBXResourcesBuildPhase section */

/* Begin PBXSourcesBuildPhase section */
		754F03232E1C67B200AE483D /* Sources */ = {
			isa = PBXSourcesBuildPhase;
			buildActionMask = 2147483647;
			files = (
			);
			runOnlyForDeploymentPostprocessing = 0;
		};
		754F03302E1C67B300AE483D /* Sources */ = {
			isa = PBXSourcesBuildPhase;
			buildActionMask = 2147483647;
			files = (
			);
			runOnlyForDeploymentPostprocessing = 0;
		};
		754F033A2E1C67B300AE483D /* Sources */ = {
			isa = PBXSourcesBuildPhase;
			buildActionMask = 2147483647;
			files = (
			);
			runOnlyForDeploymentPostprocessing = 0;
		};
/* End PBXSourcesBuildPhase section */

/* Begin PBXTargetDependency section */
		754F03362E1C67B300AE483D /* PBXTargetDependency */ = {
			isa = PBXTargetDependency;
			target = 754F03262E1C67B200AE483D /* DeliveryCompanion */;
			targetProxy = 754F03352E1C67B300AE483D /* PBXContainerItemProxy */;
		};
		754F03402E1C67B300AE483D /* PBXTargetDependency */ = {
			isa = PBXTargetDependency;
			target = 754F03262E1C67B200AE483D /* DeliveryCompanion */;
			targetProxy = 754F033F2E1C67B300AE483D /* PBXContainerItemProxy */;
		};
/* End PBXTargetDependency section */

/* Begin XCBuildConfiguration section */
		754F03462E1C67B300AE483D /* Debug */ = {
			isa = XCBuildConfiguration;
			buildSettings = {
				ALWAYS_SEARCH_USER_PATHS = NO;
				ASSETCATALOG_COMPILER_GENERATE_SWIFT_ASSET_SYMBOL_EXTENSIONS = YES;
				CLANG_ANALYZER_NONNULL = YES;
				CLANG_ANALYZER_NUMBER_OBJECT_CONVERSION = YES_AGGRESSIVE;
				CLANG_CXX_LANGUAGE_STANDARD = "gnu++20";
				CLANG_ENABLE_MODULES = YES;
				CLANG_ENABLE_OBJC_ARC = YES;
				CLANG_ENABLE_OBJC_WEAK = YES;
				CLANG_WARN_BLOCK_CAPTURE_AUTORELEASING = YES;
				CLANG_WARN_BOOL_CONVERSION = YES;
				CLANG_WARN_COMMA = YES;
				CLANG_WARN_CONSTANT_CONVERSION = YES;
				CLANG_WARN_DEPRECATED_OBJC_IMPLEMENTATIONS = YES;
				CLANG_WARN_DIRECT_OBJC_ISA_USAGE = YES_ERROR;
				CLANG_WARN_DOCUMENTATION_COMMENTS = YES;
				CLANG_WARN_EMPTY_BODY = YES;
				CLANG_WARN_ENUM_CONVERSION = YES;
				CLANG_WARN_INFINITE_RECURSION = YES;
				CLANG_WARN_INT_CONVERSION = YES;
				CLANG_WARN_NON_LITERAL_NULL_CONVERSION = YES;
				CLANG_WARN_OBJC_IMPLICIT_RETAIN_SELF = YES;
				CLANG_WARN_OBJC_LITERAL_CONVERSION = YES;
				CLANG_WARN_OBJC_ROOT_CLASS = YES_ERROR;
				CLANG_WARN_QUOTED_INCLUDE_IN_FRAMEWORK_HEADER = YES;
				CLANG_WARN_RANGE_LOOP_ANALYSIS = YES;
				CLANG_WARN_STRICT_PROTOTYPES = YES;
				CLANG_WARN_SUSPICIOUS_MOVE = YES;
				CLANG_WARN_UNGUARDED_AVAILABILITY = YES_AGGRESSIVE;
				CLANG_WARN_UNREACHABLE_CODE = YES;
				CLANG_WARN__DUPLICATE_METHOD_MATCH = YES;
				COPY_PHASE_STRIP = NO;
				DEBUG_INFORMATION_FORMAT = dwarf;
				DEVELOPMENT_TEAM = 4UAS5728SS;
				ENABLE_STRICT_OBJC_MSGSEND = YES;
				ENABLE_TESTABILITY = YES;
				ENABLE_USER_SCRIPT_SANDBOXING = YES;
				GCC_C_LANGUAGE_STANDARD = gnu17;
				GCC_DYNAMIC_NO_PIC = NO;
				GCC_NO_COMMON_BLOCKS = YES;
				GCC_OPTIMIZATION_LEVEL = 0;
				GCC_PREPROCESSOR_DEFINITIONS = (
					"DEBUG=1",
					"$(inherited)",
				);
				GCC_WARN_64_TO_32_BIT_CONVERSION = YES;
				GCC_WARN_ABOUT_RETURN_TYPE = YES_ERROR;
				GCC_WARN_UNDECLARED_SELECTOR = YES;
				GCC_WARN_UNINITIALIZED_AUTOS = YES_AGGRESSIVE;
				GCC_WARN_UNUSED_FUNCTION = YES;
				GCC_WARN_UNUSED_VARIABLE = YES;
				IPHONEOS_DEPLOYMENT_TARGET = 18.5;
				LOCALIZATION_PREFERS_STRING_CATALOGS = YES;
				MTL_ENABLE_DEBUG_INFO = INCLUDE_SOURCE;
				MTL_FAST_MATH = YES;
				ONLY_ACTIVE_ARCH = YES;
				SDKROOT = iphoneos;
				SWIFT_ACTIVE_COMPILATION_CONDITIONS = "DEBUG $(inherited)";
				SWIFT_OPTIMIZATION_LEVEL = "-Onone";
			};
			name = Debug;
		};
		754F03472E1C67B300AE483D /* Release */ = {
			isa = XCBuildConfiguration;
			buildSettings = {
				ALWAYS_SEARCH_USER_PATHS = NO;
				ASSETCATALOG_COMPILER_GENERATE_SWIFT_ASSET_SYMBOL_EXTENSIONS = YES;
				CLANG_ANALYZER_NONNULL = YES;
				CLANG_ANALYZER_NUMBER_OBJECT_CONVERSION = YES_AGGRESSIVE;
				CLANG_CXX_LANGUAGE_STANDARD = "gnu++20";
				CLANG_ENABLE_MODULES = YES;
				CLANG_ENABLE_OBJC_ARC = YES;
				CLANG_ENABLE_OBJC_WEAK = YES;
				CLANG_WARN_BLOCK_CAPTURE_AUTORELEASING = YES;
				CLANG_WARN_BOOL_CONVERSION = YES;
				CLANG_WARN_COMMA = YES;
				CLANG_WARN_CONSTANT_CONVERSION = YES;
				CLANG_WARN_DEPRECATED_OBJC_IMPLEMENTATIONS = YES;
				CLANG_WARN_DIRECT_OBJC_ISA_USAGE = YES_ERROR;
				CLANG_WARN_DOCUMENTATION_COMMENTS = YES;
				CLANG_WARN_EMPTY_BODY = YES;
				CLANG_WARN_ENUM_CONVERSION = YES;
				CLANG_WARN_INFINITE_RECURSION = YES;
				CLANG_WARN_INT_CONVERSION = YES;
				CLANG_WARN_NON_LITERAL_NULL_CONVERSION = YES;
				CLANG_WARN_OBJC_IMPLICIT_RETAIN_SELF = YES;
				CLANG_WARN_OBJC_LITERAL_CONVERSION = YES;
				CLANG_WARN_OBJC_ROOT_CLASS = YES_ERROR;
				CLANG_WARN_QUOTED_INCLUDE_IN_FRAMEWORK_HEADER = YES;
				CLANG_WARN_RANGE_LOOP_ANALYSIS = YES;
				CLANG_WARN_STRICT_PROTOTYPES = YES;
				CLANG_WARN_SUSPICIOUS_MOVE = YES;
				CLANG_WARN_UNGUARDED_AVAILABILITY = YES_AGGRESSIVE;
				CLANG_WARN_UNREACHABLE_CODE = YES;
				CLANG_WARN__DUPLICATE_METHOD_MATCH = YES;
				COPY_PHASE_STRIP = NO;
				DEBUG_INFORMATION_FORMAT = "dwarf-with-dsym";
				DEVELOPMENT_TEAM = 4UAS5728SS;
				ENABLE_NS_ASSERTIONS = NO;
				ENABLE_STRICT_OBJC_MSGSEND = YES;
				ENABLE_USER_SCRIPT_SANDBOXING = YES;
				GCC_C_LANGUAGE_STANDARD = gnu17;
				GCC_NO_COMMON_BLOCKS = YES;
				GCC_WARN_64_TO_32_BIT_CONVERSION = YES;
				GCC_WARN_ABOUT_RETURN_TYPE = YES_ERROR;
				GCC_WARN_UNDECLARED_SELECTOR = YES;
				GCC_WARN_UNINITIALIZED_AUTOS = YES_AGGRESSIVE;
				GCC_WARN_UNUSED_FUNCTION = YES;
				GCC_WARN_UNUSED_VARIABLE = YES;
				IPHONEOS_DEPLOYMENT_TARGET = 18.5;
				LOCALIZATION_PREFERS_STRING_CATALOGS = YES;
				MTL_ENABLE_DEBUG_INFO = NO;
				MTL_FAST_MATH = YES;
				SDKROOT = iphoneos;
				SWIFT_COMPILATION_MODE = wholemodule;
				VALIDATE_PRODUCT = YES;
			};
			name = Release;
		};
		754F03492E1C67B300AE483D /* Debug */ = {
			isa = XCBuildConfiguration;
			buildSettings = {
				ASSETCATALOG_COMPILER_APPICON_NAME = AppIcon;
				ASSETCATALOG_COMPILER_GLOBAL_ACCENT_COLOR_NAME = AccentColor;
				CODE_SIGN_STYLE = Automatic;
				CURRENT_PROJECT_VERSION = 1;
				DEVELOPMENT_TEAM = 4UAS5728SS;
				ENABLE_PREVIEWS = YES;
				GENERATE_INFOPLIST_FILE = YES;
				INFOPLIST_KEY_UIApplicationSceneManifest_Generation = YES;
				INFOPLIST_KEY_UIApplicationSupportsIndirectInputEvents = YES;
				INFOPLIST_KEY_UILaunchScreen_Generation = YES;
				INFOPLIST_KEY_UISupportedInterfaceOrientations_iPad = "UIInterfaceOrientationPortrait UIInterfaceOrientationPortraitUpsideDown UIInterfaceOrientationLandscapeLeft UIInterfaceOrientationLandscapeRight";
				INFOPLIST_KEY_UISupportedInterfaceOrientations_iPhone = "UIInterfaceOrientationPortrait UIInterfaceOrientationLandscapeLeft UIInterfaceOrientationLandscapeRight";
				LD_RUNPATH_SEARCH_PATHS = (
					"$(inherited)",
					"@executable_path/Frameworks",
				);
				MARKETING_VERSION = 1.0;
				PRODUCT_BUNDLE_IDENTIFIER = com.michaelcherrera.DeliveryCompanion;
				PRODUCT_NAME = "$(TARGET_NAME)";
				SWIFT_EMIT_LOC_STRINGS = YES;
				SWIFT_VERSION = 5.0;
				TARGETED_DEVICE_FAMILY = "1,2";
			};
			name = Debug;
		};
		754F034A2E1C67B300AE483D /* Release */ = {
			isa = XCBuildConfiguration;
			buildSettings = {
				ASSETCATALOG_COMPILER_APPICON_NAME = AppIcon;
				ASSETCATALOG_COMPILER_GLOBAL_ACCENT_COLOR_NAME = AccentColor;
				CODE_SIGN_STYLE = Automatic;
				CURRENT_PROJECT_VERSION = 1;
				DEVELOPMENT_TEAM = 4UAS5728SS;
				ENABLE_PREVIEWS = YES;
				GENERATE_INFOPLIST_FILE = YES;
				INFOPLIST_KEY_UIApplicationSceneManifest_Generation = YES;
				INFOPLIST_KEY_UIApplicationSupportsIndirectInputEvents = YES;
				INFOPLIST_KEY_UILaunchScreen_Generation = YES;
				INFOPLIST_KEY_UISupportedInterfaceOrientations_iPad = "UIInterfaceOrientationPortrait UIInterfaceOrientationPortraitUpsideDown UIInterfaceOrientationLandscapeLeft UIInterfaceOrientationLandscapeRight";
				INFOPLIST_KEY_UISupportedInterfaceOrientations_iPhone = "UIInterfaceOrientationPortrait UIInterfaceOrientationLandscapeLeft UIInterfaceOrientationLandscapeRight";
				LD_RUNPATH_SEARCH_PATHS = (
					"$(inherited)",
					"@executable_path/Frameworks",
				);
				MARKETING_VERSION = 1.0;
				PRODUCT_BUNDLE_IDENTIFIER = com.michaelcherrera.DeliveryCompanion;
				PRODUCT_NAME = "$(TARGET_NAME)";
				SWIFT_EMIT_LOC_STRINGS = YES;
				SWIFT_VERSION = 5.0;
				TARGETED_DEVICE_FAMILY = "1,2";
			};
			name = Release;
		};
		754F034C2E1C67B300AE483D /* Debug */ = {
			isa = XCBuildConfiguration;
			buildSettings = {
				BUNDLE_LOADER = "$(TEST_HOST)";
				CODE_SIGN_STYLE = Automatic;
				CURRENT_PROJECT_VERSION = 1;
				DEVELOPMENT_TEAM = 4UAS5728SS;
				GENERATE_INFOPLIST_FILE = YES;
				IPHONEOS_DEPLOYMENT_TARGET = 18.5;
				MARKETING_VERSION = 1.0;
				PRODUCT_BUNDLE_IDENTIFIER = com.michaelcherrera.DeliveryCompanionTests;
				PRODUCT_NAME = "$(TARGET_NAME)";
				SWIFT_EMIT_LOC_STRINGS = NO;
				SWIFT_VERSION = 5.0;
				TARGETED_DEVICE_FAMILY = "1,2";
				TEST_HOST = "$(BUILT_PRODUCTS_DIR)/DeliveryCompanion.app/$(BUNDLE_EXECUTABLE_FOLDER_PATH)/DeliveryCompanion";
			};
			name = Debug;
		};
		754F034D2E1C67B300AE483D /* Release */ = {
			isa = XCBuildConfiguration;
			buildSettings = {
				BUNDLE_LOADER = "$(TEST_HOST)";
				CODE_SIGN_STYLE = Automatic;
				CURRENT_PROJECT_VERSION = 1;
				DEVELOPMENT_TEAM = 4UAS5728SS;
				GENERATE_INFOPLIST_FILE = YES;
				IPHONEOS_DEPLOYMENT_TARGET = 18.5;
				MARKETING_VERSION = 1.0;
				PRODUCT_BUNDLE_IDENTIFIER = com.michaelcherrera.DeliveryCompanionTests;
				PRODUCT_NAME = "$(TARGET_NAME)";
				SWIFT_EMIT_LOC_STRINGS = NO;
				SWIFT_VERSION = 5.0;
				TARGETED_DEVICE_FAMILY = "1,2";
				TEST_HOST = "$(BUILT_PRODUCTS_DIR)/DeliveryCompanion.app/$(BUNDLE_EXECUTABLE_FOLDER_PATH)/DeliveryCompanion";
			};
			name = Release;
		};
		754F034F2E1C67B300AE483D /* Debug */ = {
			isa = XCBuildConfiguration;
			buildSettings = {
				CODE_SIGN_STYLE = Automatic;
				CURRENT_PROJECT_VERSION = 1;
				DEVELOPMENT_TEAM = 4UAS5728SS;
				GENERATE_INFOPLIST_FILE = YES;
				MARKETING_VERSION = 1.0;
				PRODUCT_BUNDLE_IDENTIFIER = com.michaelcherrera.DeliveryCompanionUITests;
				PRODUCT_NAME = "$(TARGET_NAME)";
				SWIFT_EMIT_LOC_STRINGS = NO;
				SWIFT_VERSION = 5.0;
				TARGETED_DEVICE_FAMILY = "1,2";
				TEST_TARGET_NAME = DeliveryCompanion;
			};
			name = Debug;
		};
		754F03502E1C67B300AE483D /* Release */ = {
			isa = XCBuildConfiguration;
			buildSettings = {
				CODE_SIGN_STYLE = Automatic;
				CURRENT_PROJECT_VERSION = 1;
				DEVELOPMENT_TEAM = 4UAS5728SS;
				GENERATE_INFOPLIST_FILE = YES;
				MARKETING_VERSION = 1.0;
				PRODUCT_BUNDLE_IDENTIFIER = com.michaelcherrera.DeliveryCompanionUITests;
				PRODUCT_NAME = "$(TARGET_NAME)";
				SWIFT_EMIT_LOC_STRINGS = NO;
				SWIFT_VERSION = 5.0;
				TARGETED_DEVICE_FAMILY = "1,2";
				TEST_TARGET_NAME = DeliveryCompanion;
			};
			name = Release;
		};
/* End XCBuildConfiguration section */

/* Begin XCConfigurationList section */
		754F03222E1C67B200AE483D /* Build configuration list for PBXProject "DeliveryCompanion" */ = {
			isa = XCConfigurationList;
			buildConfigurations = (
				754F03462E1C67B300AE483D /* Debug */,
				754F03472E1C67B300AE483D /* Release */,
			);
			defaultConfigurationIsVisible = 0;
			defaultConfigurationName = Release;
		};
		754F03482E1C67B300AE483D /* Build configuration list for PBXNativeTarget "DeliveryCompanion" */ = {
			isa = XCConfigurationList;
			buildConfigurations = (
				754F03492E1C67B300AE483D /* Debug */,
				754F034A2E1C67B300AE483D /* Release */,
			);
			defaultConfigurationIsVisible = 0;
			defaultConfigurationName = Release;
		};
		754F034B2E1C67B300AE483D /* Build configuration list for PBXNativeTarget "DeliveryCompanionTests" */ = {
			isa = XCConfigurationList;
			buildConfigurations = (
				754F034C2E1C67B300AE483D /* Debug */,
				754F034D2E1C67B300AE483D /* Release */,
			);
			defaultConfigurationIsVisible = 0;
			defaultConfigurationName = Release;
		};
		754F034E2E1C67B300AE483D /* Build configuration list for PBXNativeTarget "DeliveryCompanionUITests" */ = {
			isa = XCConfigurationList;
			buildConfigurations = (
				754F034F2E1C67B300AE483D /* Debug */,
				754F03502E1C67B300AE483D /* Release */,
			);
			defaultConfigurationIsVisible = 0;
			defaultConfigurationName = Release;
		};
/* End XCConfigurationList section */
	};
	rootObject = 754F031F2E1C67B200AE483D /* Project object */;
}
